
Microsoft Visual Studio Solution File, Format Version 12.00
# Visual Studio 14
VisualStudioVersion = 14.0.25420.1
MinimumVisualStudioVersion = 10.0.40219.1
Project("{FAE04EC0-301F-11D3-BF4B-00C04F79EFBC}") = "AutoSink", "AutoSink\AutoSink.csproj", "{CA3024FD-0E6D-491B-9DBC-A47383A8917E}"
EndProject
Global
	GlobalSection(SolutionConfigurationPlatforms) = preSolution
		Debug|Any CPU = Debug|Any CPU
		Release|Any CPU = Release|Any CPU
	EndGlobalSection
	GlobalSection(ProjectConfigurationPlatforms) = postSolution
		{CA3024FD-0E6D-491B-9DBC-A47383A8917E}.Debug|Any CPU.ActiveCfg = Debug|Any CPU
		{CA3024FD-0E6D-491B-9DBC-A47383A8917E}.Debug|Any CPU.Build.0 = Debug|Any CPU
		{CA3024FD-0E6D-491B-9DBC-A47383A8917E}.Release|Any CPU.ActiveCfg = Release|Any CPU
		{CA3024FD-0E6D-491B-9DBC-A47383A8917E}.Release|Any CPU.Build.0 = Release|Any CPU
	EndGlobalSection
	GlobalSection(SolutionProperties) = preSolution
		HideSolutionNode = FALSE
	EndGlobalSection
EndGlobal
